
Microsoft Visual Studio Solution File, Format Version 12.00
# Visual Studio Version 16
VisualStudioVersion = 16.0.30011.22
MinimumVisualStudioVersion = 10.0.40219.1
Project("{FAE04EC0-301F-11D3-BF4B-00C04F79EFBC}") = "Entities", "Entities\Entities.csproj", "{2D7417A1-8117-4B23-B0DE-DAE89F5432BA}"
EndProject
Project("{FAE04EC0-301F-11D3-BF4B-00C04F79EFBC}") = "DataAccess", "DataAccess\DataAccess.csproj", "{ECE3EAB8-E5E3-4F6B-86CF-439A69C4E393}"
EndProject
Project("{FAE04EC0-301F-11D3-BF4B-00C04F79EFBC}") = "Business", "Business\Business.csproj", "{D100B298-7596-4372-8C59-DE96C4C5046E}"
EndProject
Project("{FAE04EC0-301F-11D3-BF4B-00C04F79EFBC}") = "Core", "Core\Core.csproj", "{079CEE31-9F7E-4B5B-A5E4-36E438B3770B}"
EndProject
Project("{FAE04EC0-301F-11D3-BF4B-00C04F79EFBC}") = "WebAPI", "WebAPI\WebAPI.csproj", "{DFCF272E-FFBF-46EE-A890-1370BE24FD8D}"
EndProject
Global
	GlobalSection(SolutionConfigurationPlatforms) = preSolution
		Debug|Any CPU = Debug|Any CPU
		Release|Any CPU = Release|Any CPU
	EndGlobalSection
	GlobalSection(ProjectConfigurationPlatforms) = postSolution
		{2D7417A1-8117-4B23-B0DE-DAE89F5432BA}.Debug|Any CPU.ActiveCfg = Debug|Any CPU
		{2D7417A1-8117-4B23-B0DE-DAE89F5432BA}.Debug|Any CPU.Build.0 = Debug|Any CPU
		{2D7417A1-8117-4B23-B0DE-DAE89F5432BA}.Release|Any CPU.ActiveCfg = Release|Any CPU
		{2D7417A1-8117-4B23-B0DE-DAE89F5432BA}.Release|Any CPU.Build.0 = Release|Any CPU
		{ECE3EAB8-E5E3-4F6B-86CF-439A69C4E393}.Debug|Any CPU.ActiveCfg = Debug|Any CPU
		{ECE3EAB8-E5E3-4F6B-86CF-439A69C4E393}.Debug|Any CPU.Build.0 = Debug|Any CPU
		{ECE3EAB8-E5E3-4F6B-86CF-439A69C4E393}.Release|Any CPU.ActiveCfg = Release|Any CPU
		{ECE3EAB8-E5E3-4F6B-86CF-439A69C4E393}.Release|Any CPU.Build.0 = Release|Any CPU
		{D100B298-7596-4372-8C59-DE96C4C5046E}.Debug|Any CPU.ActiveCfg = Debug|Any CPU
		{D100B298-7596-4372-8C59-DE96C4C5046E}.Debug|Any CPU.Build.0 = Debug|Any CPU
		{D100B298-7596-4372-8C59-DE96C4C5046E}.Release|Any CPU.ActiveCfg = Release|Any CPU
		{D100B298-7596-4372-8C59-DE96C4C5046E}.Release|Any CPU.Build.0 = Release|Any CPU
		{079CEE31-9F7E-4B5B-A5E4-36E438B3770B}.Debug|Any CPU.ActiveCfg = Debug|Any CPU
		{079CEE31-9F7E-4B5B-A5E4-36E438B3770B}.Debug|Any CPU.Build.0 = Debug|Any CPU
		{079CEE31-9F7E-4B5B-A5E4-36E438B3770B}.Release|Any CPU.ActiveCfg = Release|Any CPU
		{079CEE31-9F7E-4B5B-A5E4-36E438B3770B}.Release|Any CPU.Build.0 = Release|Any CPU
		{DFCF272E-FFBF-46EE-A890-1370BE24FD8D}.Debug|Any CPU.ActiveCfg = Debug|Any CPU
		{DFCF272E-FFBF-46EE-A890-1370BE24FD8D}.Debug|Any CPU.Build.0 = Debug|Any CPU
		{DFCF272E-FFBF-46EE-A890-1370BE24FD8D}.Release|Any CPU.ActiveCfg = Release|Any CPU
		{DFCF272E-FFBF-46EE-A890-1370BE24FD8D}.Release|Any CPU.Build.0 = Release|Any CPU
	EndGlobalSection
	GlobalSection(SolutionProperties) = preSolution
		HideSolutionNode = FALSE
	EndGlobalSection
	GlobalSection(ExtensibilityGlobals) = postSolution
		SolutionGuid = {CC2249C3-E0B7-4CF8-961A-BAF4586245A8}
	EndGlobalSection
EndGlobal
